# @generated by Move, please check-in and do not edit manually.

[move]
version = 3
manifest_digest = "134CCE44765594329433D665B2E33AF24A64244F54F347B3BA166CAC2D4F9C80"
deps_digest = "F8BBB0CCB2491CA29A3DF03D6F92277A4F3574266507ACD77214D37ECA3F3082"
dependencies = [
  { id = "Sui", name = "Sui" },
]

[[move.package]]
id = "MoveStdlib"
source = { git = "https://github.com/MystenLabs/sui.git", rev = "framework/devnet", subdir = "crates/sui-framework/packages/move-stdlib" }

[[move.package]]
id = "Sui"
source = { git = "https://github.com/MystenLabs/sui.git", rev = "framework/devnet", subdir = "crates/sui-framework/packages/sui-framework" }

dependencies = [
  { id = "MoveStdlib", name = "MoveStdlib" },
]

[move.toolchain-version]
compiler-version = "1.48.0"
edition = "2024"
flavor = "sui"

[env]

[env.mainnet]
chain-id = "35834a8a"
original-published-id = "0x6cbf071cadfa1d0cc611d488f70fd89248d922de2b1e4dac39ce79d516f00c9f"
latest-published-id = "0x6cbf071cadfa1d0cc611d488f70fd89248d922de2b1e4dac39ce79d516f00c9f"
published-version = "1"
